
Microsoft Visual Studio Solution File, Format Version 12.00
# Visual Studio Version 17
VisualStudioVersion = 17.10.34916.146
MinimumVisualStudioVersion = 10.0.40219.1
Project("{FAE04EC0-301F-11D3-BF4B-00C04F79EFBC}") = "WebApplication_Serilog", "WebApplication_Serilog\WebApplication_Serilog.csproj", "{592EB1EB-15E7-414C-9F15-83316F9FC830}"
EndProject
Global
	GlobalSection(SolutionConfigurationPlatforms) = preSolution
		Debug|Any CPU = Debug|Any CPU
		Release|Any CPU = Release|Any CPU
	EndGlobalSection
	GlobalSection(ProjectConfigurationPlatforms) = postSolution
		{592EB1EB-15E7-414C-9F15-83316F9FC830}.Debug|Any CPU.ActiveCfg = Debug|Any CPU
		{592EB1EB-15E7-414C-9F15-83316F9FC830}.Debug|Any CPU.Build.0 = Debug|Any CPU
		{592EB1EB-15E7-414C-9F15-83316F9FC830}.Release|Any CPU.ActiveCfg = Release|Any CPU
		{592EB1EB-15E7-414C-9F15-83316F9FC830}.Release|Any CPU.Build.0 = Release|Any CPU
	EndGlobalSection
	GlobalSection(SolutionProperties) = preSolution
		HideSolutionNode = FALSE
	EndGlobalSection
	GlobalSection(ExtensibilityGlobals) = postSolution
		SolutionGuid = {51FE049D-25F5-4930-A3E7-E858813B28F2}
	EndGlobalSection
EndGlobal
